{
  "nodes": {
    "devshell": {
      "locked": {
        "lastModified": 1624738949,
        "narHash": "sha256-62pEoJ1jQARZ/fAuTw67j8MqTShd8BBm+ZoSs7aeJus=",
        "owner": "numtide",
        "repo": "devshell",
        "rev": "d4be23644b0b6471d556503e03cae3215d3f9cf6",
        "type": "github"
      },
      "original": {
        "owner": "numtide",
        "ref": "master",
        "repo": "devshell",
        "type": "github"
      }
    },
    "easy-ps": {
      "flake": false,
      "locked": {
        "lastModified": 1622977157,
        "narHash": "sha256-JGEgetzVO4R3gZ56w2ny3DdjILBwCUr1MAz4AVr/LhQ=",
        "owner": "justinwoo",
        "repo": "easy-purescript-nix",
        "rev": "47bdc016c7d56e987ca1aca690b1d6c9816a8584",
        "type": "github"
      },
      "original": {
        "owner": "justinwoo",
        "ref": "master",
        "repo": "easy-purescript-nix",
        "type": "github"
      }
    },
    "flake-utils": {
      "locked": {
        "lastModified": 1623875721,
        "narHash": "sha256-A8BU7bjS5GirpAUv4QA+QnJ4CceLHkcXdRp4xITDB0s=",
        "owner": "numtide",
        "repo": "flake-utils",
        "rev": "f7e004a55b120c02ecb6219596820fcd32ca8772",
        "type": "github"
      },
      "original": {
        "owner": "numtide",
        "ref": "master",
        "repo": "flake-utils",
        "type": "github"
      }
    },
    "nixpkgs": {
      "locked": {
        "lastModified": 1624668028,
        "narHash": "sha256-FUxvXMBPQ5jrGhS47jwBFZQte0yDkMCBI5M24mJi5X0=",
        "owner": "nixos",
        "repo": "nixpkgs",
        "rev": "e85975942742a3728226ac22a3415f2355bfc897",
        "type": "github"
      },
      "original": {
        "owner": "nixos",
        "ref": "nixpkgs-unstable",
        "repo": "nixpkgs",
        "type": "github"
      }
    },
    "root": {
      "inputs": {
        "devshell": "devshell",
        "easy-ps": "easy-ps",
        "flake-utils": "flake-utils",
        "nixpkgs": "nixpkgs"
      }
    }
  },
  "root": "root",
  "version": 7
}
