{
  "nodes": {
    "devshell": {
      "locked": {
        "lastModified": 1618523768,
        "narHash": "sha256-Gev9da35pHUey3kGz/zrJFc/9ICs++vPCho7qB1mqd8=",
        "owner": "numtide",
        "repo": "devshell",
        "rev": "709fe4d04a9101c9d224ad83f73416dce71baf21",
        "type": "github"
      },
      "original": {
        "owner": "numtide",
        "ref": "master",
        "repo": "devshell",
        "type": "github"
      }
    },
    "easy-ps": {
      "flake": false,
      "locked": {
        "lastModified": 1619421908,
        "narHash": "sha256-SgcDlsSEGlxxdYozkAc5c8UeF+FZOQw5N6qLh9RtptM=",
        "owner": "justinwoo",
        "repo": "easy-purescript-nix",
        "rev": "dae91f43317fd5ff207e11ea6bf4b6130e4ba9fc",
        "type": "github"
      },
      "original": {
        "owner": "justinwoo",
        "ref": "master",
        "repo": "easy-purescript-nix",
        "type": "github"
      }
    },
    "flake-utils": {
      "locked": {
        "lastModified": 1619345332,
        "narHash": "sha256-qHnQkEp1uklKTpx3MvKtY6xzgcqXDsz5nLilbbuL+3A=",
        "owner": "numtide",
        "repo": "flake-utils",
        "rev": "2ebf2558e5bf978c7fb8ea927dfaed8fefab2e28",
        "type": "github"
      },
      "original": {
        "owner": "numtide",
        "ref": "master",
        "repo": "flake-utils",
        "type": "github"
      }
    },
    "nixpkgs": {
      "locked": {
        "lastModified": 1619893517,
        "narHash": "sha256-lB4LCA2LAHMgq6LXOE4iBItXadscTrorOn1GlD2YLkQ=",
        "owner": "nixos",
        "repo": "nixpkgs",
        "rev": "2685792d396d82cec5f68e33719055f862991179",
        "type": "github"
      },
      "original": {
        "owner": "nixos",
        "ref": "release-20.09",
        "repo": "nixpkgs",
        "type": "github"
      }
    },
    "root": {
      "inputs": {
        "devshell": "devshell",
        "easy-ps": "easy-ps",
        "flake-utils": "flake-utils",
        "nixpkgs": "nixpkgs"
      }
    }
  },
  "root": "root",
  "version": 7
}
